
Microsoft Visual Studio Solution File, Format Version 12.00
# Visual Studio Version 17
VisualStudioVersion = 17.7.34202.233
MinimumVisualStudioVersion = 10.0.40219.1
Project("{FAE04EC0-301F-11D3-BF4B-00C04F79EFBC}") = "Araçkiralama", "Projem\Araçkiralama.csproj", "{29BFACAA-5791-40B3-AD16-E6583BAA0373}"
EndProject
Global
	GlobalSection(SolutionConfigurationPlatforms) = preSolution
		Debug|Any CPU = Debug|Any CPU
		Release|Any CPU = Release|Any CPU
	EndGlobalSection
	GlobalSection(ProjectConfigurationPlatforms) = postSolution
		{29BFACAA-5791-40B3-AD16-E6583BAA0373}.Debug|Any CPU.ActiveCfg = Debug|Any CPU
		{29BFACAA-5791-40B3-AD16-E6583BAA0373}.Debug|Any CPU.Build.0 = Debug|Any CPU
		{29BFACAA-5791-40B3-AD16-E6583BAA0373}.Release|Any CPU.ActiveCfg = Release|Any CPU
		{29BFACAA-5791-40B3-AD16-E6583BAA0373}.Release|Any CPU.Build.0 = Release|Any CPU
	EndGlobalSection
	GlobalSection(SolutionProperties) = preSolution
		HideSolutionNode = FALSE
	EndGlobalSection
	GlobalSection(ExtensibilityGlobals) = postSolution
		SolutionGuid = {20410CA9-6B78-44DC-961A-45EA15E709C0}
	EndGlobalSection
EndGlobal
